
Microsoft Visual Studio Solution File, Format Version 12.00
# Visual Studio 2015
Project("{FAE04EC0-301F-11D3-BF4B-00C04F79EFBC}") = "Steadfast.CSharp", "Steadfast.CSharp.csproj", "{B1D398DF-89C6-A1F2-56DC-F0D19828E30D}"
EndProject
Global
	GlobalSection(SolutionConfigurationPlatforms) = preSolution
		Debug|Any CPU = Debug|Any CPU
		Release|Any CPU = Release|Any CPU
	EndGlobalSection
	GlobalSection(ProjectConfigurationPlatforms) = postSolution
		{B1D398DF-89C6-A1F2-56DC-F0D19828E30D}.Debug|Any CPU.ActiveCfg = Debug|Any CPU
		{B1D398DF-89C6-A1F2-56DC-F0D19828E30D}.Debug|Any CPU.Build.0 = Debug|Any CPU
		{B1D398DF-89C6-A1F2-56DC-F0D19828E30D}.Release|Any CPU.ActiveCfg = Release|Any CPU
		{B1D398DF-89C6-A1F2-56DC-F0D19828E30D}.Release|Any CPU.Build.0 = Release|Any CPU
	EndGlobalSection
	GlobalSection(SolutionProperties) = preSolution
		HideSolutionNode = FALSE
	EndGlobalSection
EndGlobal
